{
  "name": "nutri-track",
  "lockfileVersion": 3,
  "requires": true,
  "packages": {
    "": {
      "dependencies": {
        "sweetalert2": "^11.24.0"
      }
    },
    "node_modules/sweetalert2": {
      "version": "11.24.0",
      "resolved": "https://registry.npmjs.org/sweetalert2/-/sweetalert2-11.24.0.tgz",
      "integrity": "sha512-VXqIMzqVjZwS6zOQZ/z7/aCYpNGFTN2MVy2wAhlY+0Z8y1IvZp3RIAfA1jOnw8WUEw3fq0IndpgIAPwjHMJAEg==",
      "license": "MIT",
      "funding": {
        "type": "individual",
        "url": "https://github.com/sponsors/limonte"
      }
    }
  }
}
